
Microsoft Visual Studio Solution File, Format Version 12.00
# Visual Studio Version 16
VisualStudioVersion = 16.0.30517.126
MinimumVisualStudioVersion = 10.0.40219.1
Project("{FAE04EC0-301F-11D3-BF4B-00C04F79EFBC}") = "ShopingMalls", "ShopingMalls\ShopingMalls.csproj", "{B823B893-B735-44DF-8235-209FF211E527}"
EndProject
Global
	GlobalSection(SolutionConfigurationPlatforms) = preSolution
		Debug|Any CPU = Debug|Any CPU
		Release|Any CPU = Release|Any CPU
	EndGlobalSection
	GlobalSection(ProjectConfigurationPlatforms) = postSolution
		{B823B893-B735-44DF-8235-209FF211E527}.Debug|Any CPU.ActiveCfg = Debug|Any CPU
		{B823B893-B735-44DF-8235-209FF211E527}.Debug|Any CPU.Build.0 = Debug|Any CPU
		{B823B893-B735-44DF-8235-209FF211E527}.Release|Any CPU.ActiveCfg = Release|Any CPU
		{B823B893-B735-44DF-8235-209FF211E527}.Release|Any CPU.Build.0 = Release|Any CPU
	EndGlobalSection
	GlobalSection(SolutionProperties) = preSolution
		HideSolutionNode = FALSE
	EndGlobalSection
	GlobalSection(ExtensibilityGlobals) = postSolution
		SolutionGuid = {A1999231-F7FB-4BF1-A083-87890001BD6F}
	EndGlobalSection
EndGlobal
