
Microsoft Visual Studio Solution File, Format Version 12.00
# Visual Studio Version 16
VisualStudioVersion = 16.0.30523.141
MinimumVisualStudioVersion = 10.0.40219.1
Project("{9A19103F-16F7-4668-BE54-9A1E7A4F7556}") = "ContosoCrafts.WebSite", "ContosoCrafts.WebSite\ContosoCrafts.WebSite.csproj", "{2E107333-F445-40EA-BF5D-0B8FDFF57752}"
EndProject
Global
	GlobalSection(SolutionConfigurationPlatforms) = preSolution
		Debug|Any CPU = Debug|Any CPU
		Release|Any CPU = Release|Any CPU
	EndGlobalSection
	GlobalSection(ProjectConfigurationPlatforms) = postSolution
		{2E107333-F445-40EA-BF5D-0B8FDFF57752}.Debug|Any CPU.ActiveCfg = Debug|Any CPU
		{2E107333-F445-40EA-BF5D-0B8FDFF57752}.Debug|Any CPU.Build.0 = Debug|Any CPU
		{2E107333-F445-40EA-BF5D-0B8FDFF57752}.Release|Any CPU.ActiveCfg = Release|Any CPU
		{2E107333-F445-40EA-BF5D-0B8FDFF57752}.Release|Any CPU.Build.0 = Release|Any CPU
	EndGlobalSection
	GlobalSection(SolutionProperties) = preSolution
		HideSolutionNode = FALSE
	EndGlobalSection
	GlobalSection(ExtensibilityGlobals) = postSolution
		SolutionGuid = {EA3FC82C-C6F1-493D-B256-CBB915A87CD4}
	EndGlobalSection
EndGlobal
