
Microsoft Visual Studio Solution File, Format Version 12.00
# Visual Studio Version 16
VisualStudioVersion = 16.0.30523.141
MinimumVisualStudioVersion = 10.0.40219.1
Project("{FAE04EC0-301F-11D3-BF4B-00C04F79EFBC}") = "Book", "Book\Book.csproj", "{8DC83FE6-8522-4AAA-A978-13B01CB26606}"
EndProject
Global
	GlobalSection(SolutionConfigurationPlatforms) = preSolution
		Debug|Any CPU = Debug|Any CPU
		Release|Any CPU = Release|Any CPU
	EndGlobalSection
	GlobalSection(ProjectConfigurationPlatforms) = postSolution
		{8DC83FE6-8522-4AAA-A978-13B01CB26606}.Debug|Any CPU.ActiveCfg = Debug|Any CPU
		{8DC83FE6-8522-4AAA-A978-13B01CB26606}.Debug|Any CPU.Build.0 = Debug|Any CPU
		{8DC83FE6-8522-4AAA-A978-13B01CB26606}.Release|Any CPU.ActiveCfg = Release|Any CPU
		{8DC83FE6-8522-4AAA-A978-13B01CB26606}.Release|Any CPU.Build.0 = Release|Any CPU
	EndGlobalSection
	GlobalSection(SolutionProperties) = preSolution
		HideSolutionNode = FALSE
	EndGlobalSection
	GlobalSection(ExtensibilityGlobals) = postSolution
		SolutionGuid = {65C7C31D-D46B-4641-A136-8099D0B5A164}
	EndGlobalSection
EndGlobal
