
Microsoft Visual Studio Solution File, Format Version 12.00
# Visual Studio Version 16
VisualStudioVersion = 16.0.30517.126
MinimumVisualStudioVersion = 10.0.40219.1
Project("{FAE04EC0-301F-11D3-BF4B-00C04F79EFBC}") = "GolfClub", "GolfClub\GolfClub.csproj", "{F3178FCB-0EE2-4FC8-81D5-3B0D30CB2255}"
EndProject
Global
	GlobalSection(SolutionConfigurationPlatforms) = preSolution
		Debug|Any CPU = Debug|Any CPU
		Release|Any CPU = Release|Any CPU
	EndGlobalSection
	GlobalSection(ProjectConfigurationPlatforms) = postSolution
		{F3178FCB-0EE2-4FC8-81D5-3B0D30CB2255}.Debug|Any CPU.ActiveCfg = Debug|Any CPU
		{F3178FCB-0EE2-4FC8-81D5-3B0D30CB2255}.Debug|Any CPU.Build.0 = Debug|Any CPU
		{F3178FCB-0EE2-4FC8-81D5-3B0D30CB2255}.Release|Any CPU.ActiveCfg = Release|Any CPU
		{F3178FCB-0EE2-4FC8-81D5-3B0D30CB2255}.Release|Any CPU.Build.0 = Release|Any CPU
	EndGlobalSection
	GlobalSection(SolutionProperties) = preSolution
		HideSolutionNode = FALSE
	EndGlobalSection
	GlobalSection(ExtensibilityGlobals) = postSolution
		SolutionGuid = {C7FF3E4A-A377-4DE6-A659-0691D790C458}
	EndGlobalSection
EndGlobal
