
Microsoft Visual Studio Solution File, Format Version 12.00
# Visual Studio Version 16
VisualStudioVersion = 16.0.30413.136
MinimumVisualStudioVersion = 10.0.40219.1
Project("{FAE04EC0-301F-11D3-BF4B-00C04F79EFBC}") = "Lap9", "Lap9\Lap9.csproj", "{749DC142-5146-4F0C-9C6A-48A5A729ADCD}"
EndProject
Project("{FAE04EC0-301F-11D3-BF4B-00C04F79EFBC}") = "SoundBoard", "SoundBoard\SoundBoard.csproj", "{85CE017A-8458-40BB-9B5B-E93F07D9221B}"
EndProject
Global
	GlobalSection(SolutionConfigurationPlatforms) = preSolution
		Debug|ARM = Debug|ARM
		Debug|ARM64 = Debug|ARM64
		Debug|x64 = Debug|x64
		Debug|x86 = Debug|x86
		Release|ARM = Release|ARM
		Release|ARM64 = Release|ARM64
		Release|x64 = Release|x64
		Release|x86 = Release|x86
	EndGlobalSection
	GlobalSection(ProjectConfigurationPlatforms) = postSolution
		{749DC142-5146-4F0C-9C6A-48A5A729ADCD}.Debug|ARM.ActiveCfg = Debug|ARM
		{749DC142-5146-4F0C-9C6A-48A5A729ADCD}.Debug|ARM.Build.0 = Debug|ARM
		{749DC142-5146-4F0C-9C6A-48A5A729ADCD}.Debug|ARM.Deploy.0 = Debug|ARM
		{749DC142-5146-4F0C-9C6A-48A5A729ADCD}.Debug|ARM64.ActiveCfg = Debug|ARM64
		{749DC142-5146-4F0C-9C6A-48A5A729ADCD}.Debug|ARM64.Build.0 = Debug|ARM64
		{749DC142-5146-4F0C-9C6A-48A5A729ADCD}.Debug|ARM64.Deploy.0 = Debug|ARM64
		{749DC142-5146-4F0C-9C6A-48A5A729ADCD}.Debug|x64.ActiveCfg = Debug|x64
		{749DC142-5146-4F0C-9C6A-48A5A729ADCD}.Debug|x64.Build.0 = Debug|x64
		{749DC142-5146-4F0C-9C6A-48A5A729ADCD}.Debug|x64.Deploy.0 = Debug|x64
		{749DC142-5146-4F0C-9C6A-48A5A729ADCD}.Debug|x86.ActiveCfg = Debug|x86
		{749DC142-5146-4F0C-9C6A-48A5A729ADCD}.Debug|x86.Build.0 = Debug|x86
		{749DC142-5146-4F0C-9C6A-48A5A729ADCD}.Debug|x86.Deploy.0 = Debug|x86
		{749DC142-5146-4F0C-9C6A-48A5A729ADCD}.Release|ARM.ActiveCfg = Release|ARM
		{749DC142-5146-4F0C-9C6A-48A5A729ADCD}.Release|ARM.Build.0 = Release|ARM
		{749DC142-5146-4F0C-9C6A-48A5A729ADCD}.Release|ARM.Deploy.0 = Release|ARM
		{749DC142-5146-4F0C-9C6A-48A5A729ADCD}.Release|ARM64.ActiveCfg = Release|ARM64
		{749DC142-5146-4F0C-9C6A-48A5A729ADCD}.Release|ARM64.Build.0 = Release|ARM64
		{749DC142-5146-4F0C-9C6A-48A5A729ADCD}.Release|ARM64.Deploy.0 = Release|ARM64
		{749DC142-5146-4F0C-9C6A-48A5A729ADCD}.Release|x64.ActiveCfg = Release|x64
		{749DC142-5146-4F0C-9C6A-48A5A729ADCD}.Release|x64.Build.0 = Release|x64
		{749DC142-5146-4F0C-9C6A-48A5A729ADCD}.Release|x64.Deploy.0 = Release|x64
		{749DC142-5146-4F0C-9C6A-48A5A729ADCD}.Release|x86.ActiveCfg = Release|x86
		{749DC142-5146-4F0C-9C6A-48A5A729ADCD}.Release|x86.Build.0 = Release|x86
		{749DC142-5146-4F0C-9C6A-48A5A729ADCD}.Release|x86.Deploy.0 = Release|x86
		{85CE017A-8458-40BB-9B5B-E93F07D9221B}.Debug|ARM.ActiveCfg = Debug|ARM
		{85CE017A-8458-40BB-9B5B-E93F07D9221B}.Debug|ARM.Build.0 = Debug|ARM
		{85CE017A-8458-40BB-9B5B-E93F07D9221B}.Debug|ARM.Deploy.0 = Debug|ARM
		{85CE017A-8458-40BB-9B5B-E93F07D9221B}.Debug|ARM64.ActiveCfg = Debug|ARM64
		{85CE017A-8458-40BB-9B5B-E93F07D9221B}.Debug|ARM64.Build.0 = Debug|ARM64
		{85CE017A-8458-40BB-9B5B-E93F07D9221B}.Debug|ARM64.Deploy.0 = Debug|ARM64
		{85CE017A-8458-40BB-9B5B-E93F07D9221B}.Debug|x64.ActiveCfg = Debug|x64
		{85CE017A-8458-40BB-9B5B-E93F07D9221B}.Debug|x64.Build.0 = Debug|x64
		{85CE017A-8458-40BB-9B5B-E93F07D9221B}.Debug|x64.Deploy.0 = Debug|x64
		{85CE017A-8458-40BB-9B5B-E93F07D9221B}.Debug|x86.ActiveCfg = Debug|x86
		{85CE017A-8458-40BB-9B5B-E93F07D9221B}.Debug|x86.Build.0 = Debug|x86
		{85CE017A-8458-40BB-9B5B-E93F07D9221B}.Debug|x86.Deploy.0 = Debug|x86
		{85CE017A-8458-40BB-9B5B-E93F07D9221B}.Release|ARM.ActiveCfg = Release|ARM
		{85CE017A-8458-40BB-9B5B-E93F07D9221B}.Release|ARM.Build.0 = Release|ARM
		{85CE017A-8458-40BB-9B5B-E93F07D9221B}.Release|ARM.Deploy.0 = Release|ARM
		{85CE017A-8458-40BB-9B5B-E93F07D9221B}.Release|ARM64.ActiveCfg = Release|ARM64
		{85CE017A-8458-40BB-9B5B-E93F07D9221B}.Release|ARM64.Build.0 = Release|ARM64
		{85CE017A-8458-40BB-9B5B-E93F07D9221B}.Release|ARM64.Deploy.0 = Release|ARM64
		{85CE017A-8458-40BB-9B5B-E93F07D9221B}.Release|x64.ActiveCfg = Release|x64
		{85CE017A-8458-40BB-9B5B-E93F07D9221B}.Release|x64.Build.0 = Release|x64
		{85CE017A-8458-40BB-9B5B-E93F07D9221B}.Release|x64.Deploy.0 = Release|x64
		{85CE017A-8458-40BB-9B5B-E93F07D9221B}.Release|x86.ActiveCfg = Release|x86
		{85CE017A-8458-40BB-9B5B-E93F07D9221B}.Release|x86.Build.0 = Release|x86
		{85CE017A-8458-40BB-9B5B-E93F07D9221B}.Release|x86.Deploy.0 = Release|x86
	EndGlobalSection
	GlobalSection(SolutionProperties) = preSolution
		HideSolutionNode = FALSE
	EndGlobalSection
	GlobalSection(ExtensibilityGlobals) = postSolution
		SolutionGuid = {173E47FF-F69B-4BE1-B6EB-1398FE6AC5ED}
	EndGlobalSection
EndGlobal
