
Microsoft Visual Studio Solution File, Format Version 12.00
# Visual Studio Version 16
VisualStudioVersion = 16.0.30413.136
MinimumVisualStudioVersion = 10.0.40219.1
Project("{FAE04EC0-301F-11D3-BF4B-00C04F79EFBC}") = "Best", "Best\Best.csproj", "{7C62B27C-14E6-4814-91D3-618AF191D221}"
EndProject
Project("{FAE04EC0-301F-11D3-BF4B-00C04F79EFBC}") = "snipet1", "snipet1\snipet1.csproj", "{B245A262-06D2-4CBC-BB94-DEC212F929E7}"
EndProject
Project("{FAE04EC0-301F-11D3-BF4B-00C04F79EFBC}") = "snipet2", "snipet2\snipet2.csproj", "{3B0F4B4A-004E-4834-92CC-B6AAC5C30FCE}"
EndProject
Global
	GlobalSection(SolutionConfigurationPlatforms) = preSolution
		Debug|ARM = Debug|ARM
		Debug|ARM64 = Debug|ARM64
		Debug|x64 = Debug|x64
		Debug|x86 = Debug|x86
		Release|ARM = Release|ARM
		Release|ARM64 = Release|ARM64
		Release|x64 = Release|x64
		Release|x86 = Release|x86
	EndGlobalSection
	GlobalSection(ProjectConfigurationPlatforms) = postSolution
		{7C62B27C-14E6-4814-91D3-618AF191D221}.Debug|ARM.ActiveCfg = Debug|ARM
		{7C62B27C-14E6-4814-91D3-618AF191D221}.Debug|ARM.Build.0 = Debug|ARM
		{7C62B27C-14E6-4814-91D3-618AF191D221}.Debug|ARM.Deploy.0 = Debug|ARM
		{7C62B27C-14E6-4814-91D3-618AF191D221}.Debug|ARM64.ActiveCfg = Debug|ARM64
		{7C62B27C-14E6-4814-91D3-618AF191D221}.Debug|ARM64.Build.0 = Debug|ARM64
		{7C62B27C-14E6-4814-91D3-618AF191D221}.Debug|ARM64.Deploy.0 = Debug|ARM64
		{7C62B27C-14E6-4814-91D3-618AF191D221}.Debug|x64.ActiveCfg = Debug|x64
		{7C62B27C-14E6-4814-91D3-618AF191D221}.Debug|x64.Build.0 = Debug|x64
		{7C62B27C-14E6-4814-91D3-618AF191D221}.Debug|x64.Deploy.0 = Debug|x64
		{7C62B27C-14E6-4814-91D3-618AF191D221}.Debug|x86.ActiveCfg = Debug|x86
		{7C62B27C-14E6-4814-91D3-618AF191D221}.Debug|x86.Build.0 = Debug|x86
		{7C62B27C-14E6-4814-91D3-618AF191D221}.Debug|x86.Deploy.0 = Debug|x86
		{7C62B27C-14E6-4814-91D3-618AF191D221}.Release|ARM.ActiveCfg = Release|ARM
		{7C62B27C-14E6-4814-91D3-618AF191D221}.Release|ARM.Build.0 = Release|ARM
		{7C62B27C-14E6-4814-91D3-618AF191D221}.Release|ARM.Deploy.0 = Release|ARM
		{7C62B27C-14E6-4814-91D3-618AF191D221}.Release|ARM64.ActiveCfg = Release|ARM64
		{7C62B27C-14E6-4814-91D3-618AF191D221}.Release|ARM64.Build.0 = Release|ARM64
		{7C62B27C-14E6-4814-91D3-618AF191D221}.Release|ARM64.Deploy.0 = Release|ARM64
		{7C62B27C-14E6-4814-91D3-618AF191D221}.Release|x64.ActiveCfg = Release|x64
		{7C62B27C-14E6-4814-91D3-618AF191D221}.Release|x64.Build.0 = Release|x64
		{7C62B27C-14E6-4814-91D3-618AF191D221}.Release|x64.Deploy.0 = Release|x64
		{7C62B27C-14E6-4814-91D3-618AF191D221}.Release|x86.ActiveCfg = Release|x86
		{7C62B27C-14E6-4814-91D3-618AF191D221}.Release|x86.Build.0 = Release|x86
		{7C62B27C-14E6-4814-91D3-618AF191D221}.Release|x86.Deploy.0 = Release|x86
		{B245A262-06D2-4CBC-BB94-DEC212F929E7}.Debug|ARM.ActiveCfg = Debug|ARM
		{B245A262-06D2-4CBC-BB94-DEC212F929E7}.Debug|ARM.Build.0 = Debug|ARM
		{B245A262-06D2-4CBC-BB94-DEC212F929E7}.Debug|ARM.Deploy.0 = Debug|ARM
		{B245A262-06D2-4CBC-BB94-DEC212F929E7}.Debug|ARM64.ActiveCfg = Debug|ARM64
		{B245A262-06D2-4CBC-BB94-DEC212F929E7}.Debug|ARM64.Build.0 = Debug|ARM64
		{B245A262-06D2-4CBC-BB94-DEC212F929E7}.Debug|ARM64.Deploy.0 = Debug|ARM64
		{B245A262-06D2-4CBC-BB94-DEC212F929E7}.Debug|x64.ActiveCfg = Debug|x64
		{B245A262-06D2-4CBC-BB94-DEC212F929E7}.Debug|x64.Build.0 = Debug|x64
		{B245A262-06D2-4CBC-BB94-DEC212F929E7}.Debug|x64.Deploy.0 = Debug|x64
		{B245A262-06D2-4CBC-BB94-DEC212F929E7}.Debug|x86.ActiveCfg = Debug|x86
		{B245A262-06D2-4CBC-BB94-DEC212F929E7}.Debug|x86.Build.0 = Debug|x86
		{B245A262-06D2-4CBC-BB94-DEC212F929E7}.Debug|x86.Deploy.0 = Debug|x86
		{B245A262-06D2-4CBC-BB94-DEC212F929E7}.Release|ARM.ActiveCfg = Release|ARM
		{B245A262-06D2-4CBC-BB94-DEC212F929E7}.Release|ARM.Build.0 = Release|ARM
		{B245A262-06D2-4CBC-BB94-DEC212F929E7}.Release|ARM.Deploy.0 = Release|ARM
		{B245A262-06D2-4CBC-BB94-DEC212F929E7}.Release|ARM64.ActiveCfg = Release|ARM64
		{B245A262-06D2-4CBC-BB94-DEC212F929E7}.Release|ARM64.Build.0 = Release|ARM64
		{B245A262-06D2-4CBC-BB94-DEC212F929E7}.Release|ARM64.Deploy.0 = Release|ARM64
		{B245A262-06D2-4CBC-BB94-DEC212F929E7}.Release|x64.ActiveCfg = Release|x64
		{B245A262-06D2-4CBC-BB94-DEC212F929E7}.Release|x64.Build.0 = Release|x64
		{B245A262-06D2-4CBC-BB94-DEC212F929E7}.Release|x64.Deploy.0 = Release|x64
		{B245A262-06D2-4CBC-BB94-DEC212F929E7}.Release|x86.ActiveCfg = Release|x86
		{B245A262-06D2-4CBC-BB94-DEC212F929E7}.Release|x86.Build.0 = Release|x86
		{B245A262-06D2-4CBC-BB94-DEC212F929E7}.Release|x86.Deploy.0 = Release|x86
		{3B0F4B4A-004E-4834-92CC-B6AAC5C30FCE}.Debug|ARM.ActiveCfg = Debug|ARM
		{3B0F4B4A-004E-4834-92CC-B6AAC5C30FCE}.Debug|ARM.Build.0 = Debug|ARM
		{3B0F4B4A-004E-4834-92CC-B6AAC5C30FCE}.Debug|ARM.Deploy.0 = Debug|ARM
		{3B0F4B4A-004E-4834-92CC-B6AAC5C30FCE}.Debug|ARM64.ActiveCfg = Debug|ARM64
		{3B0F4B4A-004E-4834-92CC-B6AAC5C30FCE}.Debug|ARM64.Build.0 = Debug|ARM64
		{3B0F4B4A-004E-4834-92CC-B6AAC5C30FCE}.Debug|ARM64.Deploy.0 = Debug|ARM64
		{3B0F4B4A-004E-4834-92CC-B6AAC5C30FCE}.Debug|x64.ActiveCfg = Debug|x64
		{3B0F4B4A-004E-4834-92CC-B6AAC5C30FCE}.Debug|x64.Build.0 = Debug|x64
		{3B0F4B4A-004E-4834-92CC-B6AAC5C30FCE}.Debug|x64.Deploy.0 = Debug|x64
		{3B0F4B4A-004E-4834-92CC-B6AAC5C30FCE}.Debug|x86.ActiveCfg = Debug|x86
		{3B0F4B4A-004E-4834-92CC-B6AAC5C30FCE}.Debug|x86.Build.0 = Debug|x86
		{3B0F4B4A-004E-4834-92CC-B6AAC5C30FCE}.Debug|x86.Deploy.0 = Debug|x86
		{3B0F4B4A-004E-4834-92CC-B6AAC5C30FCE}.Release|ARM.ActiveCfg = Release|ARM
		{3B0F4B4A-004E-4834-92CC-B6AAC5C30FCE}.Release|ARM.Build.0 = Release|ARM
		{3B0F4B4A-004E-4834-92CC-B6AAC5C30FCE}.Release|ARM.Deploy.0 = Release|ARM
		{3B0F4B4A-004E-4834-92CC-B6AAC5C30FCE}.Release|ARM64.ActiveCfg = Release|ARM64
		{3B0F4B4A-004E-4834-92CC-B6AAC5C30FCE}.Release|ARM64.Build.0 = Release|ARM64
		{3B0F4B4A-004E-4834-92CC-B6AAC5C30FCE}.Release|ARM64.Deploy.0 = Release|ARM64
		{3B0F4B4A-004E-4834-92CC-B6AAC5C30FCE}.Release|x64.ActiveCfg = Release|x64
		{3B0F4B4A-004E-4834-92CC-B6AAC5C30FCE}.Release|x64.Build.0 = Release|x64
		{3B0F4B4A-004E-4834-92CC-B6AAC5C30FCE}.Release|x64.Deploy.0 = Release|x64
		{3B0F4B4A-004E-4834-92CC-B6AAC5C30FCE}.Release|x86.ActiveCfg = Release|x86
		{3B0F4B4A-004E-4834-92CC-B6AAC5C30FCE}.Release|x86.Build.0 = Release|x86
		{3B0F4B4A-004E-4834-92CC-B6AAC5C30FCE}.Release|x86.Deploy.0 = Release|x86
	EndGlobalSection
	GlobalSection(SolutionProperties) = preSolution
		HideSolutionNode = FALSE
	EndGlobalSection
	GlobalSection(ExtensibilityGlobals) = postSolution
		SolutionGuid = {461222C8-ED04-4DDD-9A00-2CC5CA20E02E}
	EndGlobalSection
EndGlobal
